// !$*UTF8*$!
{
	archiveVersion = 1;
	classes = {
	};
	objectVersion = 56;
	objects = {

/* Begin PBXBuildFile section */
		DE63344429B7EFF50064AB37 /* FriendsAppApp.swift in Sources */ = {isa = PBXBuildFile; fileRef = DE63344329B7EFF50064AB37 /* FriendsAppApp.swift */; };
		DE63344629B7EFF50064AB37 /* ContentView.swift in Sources */ = {isa = PBXBuildFile; fileRef = DE63344529B7EFF50064AB37 /* ContentView.swift */; };
		DE63344829B7EFF60064AB37 /* Assets.xcassets in Resources */ = {isa = PBXBuildFile; fileRef = DE63344729B7EFF60064AB37 /* Assets.xcassets */; };
		DE63344B29B7EFF60064AB37 /* Preview Assets.xcassets in Resources */ = {isa = PBXBuildFile; fileRef = DE63344A29B7EFF60064AB37 /* Preview Assets.xcassets */; };
		DE63345529B7EFF60064AB37 /* FriendsAppTests.swift in Sources */ = {isa = PBXBuildFile; fileRef = DE63345429B7EFF60064AB37 /* FriendsAppTests.swift */; };
		DE63345F29B7EFF60064AB37 /* FriendsAppUITests.swift in Sources */ = {isa = PBXBuildFile; fileRef = DE63345E29B7EFF60064AB37 /* FriendsAppUITests.swift */; };
		DE63346129B7EFF60064AB37 /* FriendsAppUITestsLaunchTests.swift in Sources */ = {isa = PBXBuildFile; fileRef = DE63346029B7EFF60064AB37 /* FriendsAppUITestsLaunchTests.swift */; };
/* End PBXBuildFile section */

/* Begin PBXContainerItemProxy section */
		DE63345129B7EFF60064AB37 /* PBXContainerItemProxy */ = {
			isa = PBXContainerItemProxy;
			containerPortal = DE63343829B7EFF50064AB37 /* Project object */;
			proxyType = 1;
			remoteGlobalIDString = DE63343F29B7EFF50064AB37;
			remoteInfo = FriendsApp;
		};
		DE63345B29B7EFF60064AB37 /* PBXContainerItemProxy */ = {
			isa = PBXContainerItemProxy;
			containerPortal = DE63343829B7EFF50064AB37 /* Project object */;
			proxyType = 1;
			remoteGlobalIDString = DE63343F29B7EFF50064AB37;
			remoteInfo = FriendsApp;
		};
/* End PBXContainerItemProxy section */

/* Begin PBXFileReference section */
		DE63344029B7EFF50064AB37 /* FriendsApp.app */ = {isa = PBXFileReference; explicitFileType = wrapper.application; includeInIndex = 0; path = FriendsApp.app; sourceTree = BUILT_PRODUCTS_DIR; };
		DE63344329B7EFF50064AB37 /* FriendsAppApp.swift */ = {isa = PBXFileReference; lastKnownFileType = sourcecode.swift; path = FriendsAppApp.swift; sourceTree = "<group>"; };
		DE63344529B7EFF50064AB37 /* ContentView.swift */ = {isa = PBXFileReference; lastKnownFileType = sourcecode.swift; path = ContentView.swift; sourceTree = "<group>"; };
		DE63344729B7EFF60064AB37 /* Assets.xcassets */ = {isa = PBXFileReference; lastKnownFileType = folder.assetcatalog; path = Assets.xcassets; sourceTree = "<group>"; };
		DE63344A29B7EFF60064AB37 /* Preview Assets.xcassets */ = {isa = PBXFileReference; lastKnownFileType = folder.assetcatalog; path = "Preview Assets.xcassets"; sourceTree = "<group>"; };
		DE63345029B7EFF60064AB37 /* FriendsAppTests.xctest */ = {isa = PBXFileReference; explicitFileType = wrapper.cfbundle; includeInIndex = 0; path = FriendsAppTests.xctest; sourceTree = BUILT_PRODUCTS_DIR; };
		DE63345429B7EFF60064AB37 /* FriendsAppTests.swift */ = {isa = PBXFileReference; lastKnownFileType = sourcecode.swift; path = FriendsAppTests.swift; sourceTree = "<group>"; };
		DE63345A29B7EFF60064AB37 /* FriendsAppUITests.xctest */ = {isa = PBXFileReference; explicitFileType = wrapper.cfbundle; includeInIndex = 0; path = FriendsAppUITests.xctest; sourceTree = BUILT_PRODUCTS_DIR; };
		DE63345E29B7EFF60064AB37 /* FriendsAppUITests.swift */ = {isa = PBXFileReference; lastKnownFileType = sourcecode.swift; path = FriendsAppUITests.swift; sourceTree = "<group>"; };
		DE63346029B7EFF60064AB37 /* FriendsAppUITestsLaunchTests.swift */ = {isa = PBXFileReference; lastKnownFileType = sourcecode.swift; path = FriendsAppUITestsLaunchTests.swift; sourceTree = "<group>"; };
/* End PBXFileReference section */

/* Begin PBXFrameworksBuildPhase section */
		DE63343D29B7EFF50064AB37 /* Frameworks */ = {
			isa = PBXFrameworksBuildPhase;
			buildActionMask = 2147483647;
			files = (
			);
			runOnlyForDeploymentPostprocessing = 0;
		};
		DE63344D29B7EFF60064AB37 /* Frameworks */ = {
			isa = PBXFrameworksBuildPhase;
			buildActionMask = 2147483647;
			files = (
			);
			runOnlyForDeploymentPostprocessing = 0;
		};
		DE63345729B7EFF60064AB37 /* Frameworks */ = {
			isa = PBXFrameworksBuildPhase;
			buildActionMask = 2147483647;
			files = (
			);
			runOnlyForDeploymentPostprocessing = 0;
		};
/* End PBXFrameworksBuildPhase section */

/* Begin PBXGroup section */
		DE63343729B7EFF50064AB37 = {
			isa = PBXGroup;
			children = (
				DE63344229B7EFF50064AB37 /* FriendsApp */,
				DE63345329B7EFF60064AB37 /* FriendsAppTests */,
				DE63345D29B7EFF60064AB37 /* FriendsAppUITests */,
				DE63344129B7EFF50064AB37 /* Products */,
			);
			sourceTree = "<group>";
		};
		DE63344129B7EFF50064AB37 /* Products */ = {
			isa = PBXGroup;
			children = (
				DE63344029B7EFF50064AB37 /* FriendsApp.app */,
				DE63345029B7EFF60064AB37 /* FriendsAppTests.xctest */,
				DE63345A29B7EFF60064AB37 /* FriendsAppUITests.xctest */,
			);
			name = Products;
			sourceTree = "<group>";
		};
		DE63344229B7EFF50064AB37 /* FriendsApp */ = {
			isa = PBXGroup;
			children = (
				DE63344329B7EFF50064AB37 /* FriendsAppApp.swift */,
				DE63344529B7EFF50064AB37 /* ContentView.swift */,
				DE63344729B7EFF60064AB37 /* Assets.xcassets */,
				DE63344929B7EFF60064AB37 /* Preview Content */,
			);
			path = FriendsApp;
			sourceTree = "<group>";
		};
		DE63344929B7EFF60064AB37 /* Preview Content */ = {
			isa = PBXGroup;
			children = (
				DE63344A29B7EFF60064AB37 /* Preview Assets.xcassets */,
			);
			path = "Preview Content";
			sourceTree = "<group>";
		};
		DE63345329B7EFF60064AB37 /* FriendsAppTests */ = {
			isa = PBXGroup;
			children = (
				DE63345429B7EFF60064AB37 /* FriendsAppTests.swift */,
			);
			path = FriendsAppTests;
			sourceTree = "<group>";
		};
		DE63345D29B7EFF60064AB37 /* FriendsAppUITests */ = {
			isa = PBXGroup;
			children = (
				DE63345E29B7EFF60064AB37 /* FriendsAppUITests.swift */,
				DE63346029B7EFF60064AB37 /* FriendsAppUITestsLaunchTests.swift */,
			);
			path = FriendsAppUITests;
			sourceTree = "<group>";
		};
/* End PBXGroup section */

/* Begin PBXNativeTarget section */
		DE63343F29B7EFF50064AB37 /* FriendsApp */ = {
			isa = PBXNativeTarget;
			buildConfigurationList = DE63346429B7EFF60064AB37 /* Build configuration list for PBXNativeTarget "FriendsApp" */;
			buildPhases = (
				DE63343C29B7EFF50064AB37 /* Sources */,
				DE63343D29B7EFF50064AB37 /* Frameworks */,
				DE63343E29B7EFF50064AB37 /* Resources */,
			);
			buildRules = (
			);
			dependencies = (
			);
			name = FriendsApp;
			productName = FriendsApp;
			productReference = DE63344029B7EFF50064AB37 /* FriendsApp.app */;
			productType = "com.apple.product-type.application";
		};
		DE63344F29B7EFF60064AB37 /* FriendsAppTests */ = {
			isa = PBXNativeTarget;
			buildConfigurationList = DE63346729B7EFF60064AB37 /* Build configuration list for PBXNativeTarget "FriendsAppTests" */;
			buildPhases = (
				DE63344C29B7EFF60064AB37 /* Sources */,
				DE63344D29B7EFF60064AB37 /* Frameworks */,
				DE63344E29B7EFF60064AB37 /* Resources */,
			);
			buildRules = (
			);
			dependencies = (
				DE63345229B7EFF60064AB37 /* PBXTargetDependency */,
			);
			name = FriendsAppTests;
			productName = FriendsAppTests;
			productReference = DE63345029B7EFF60064AB37 /* FriendsAppTests.xctest */;
			productType = "com.apple.product-type.bundle.unit-test";
		};
		DE63345929B7EFF60064AB37 /* FriendsAppUITests */ = {
			isa = PBXNativeTarget;
			buildConfigurationList = DE63346A29B7EFF60064AB37 /* Build configuration list for PBXNativeTarget "FriendsAppUITests" */;
			buildPhases = (
				DE63345629B7EFF60064AB37 /* Sources */,
				DE63345729B7EFF60064AB37 /* Frameworks */,
				DE63345829B7EFF60064AB37 /* Resources */,
			);
			buildRules = (
			);
			dependencies = (
				DE63345C29B7EFF60064AB37 /* PBXTargetDependency */,
			);
			name = FriendsAppUITests;
			productName = FriendsAppUITests;
			productReference = DE63345A29B7EFF60064AB37 /* FriendsAppUITests.xctest */;
			productType = "com.apple.product-type.bundle.ui-testing";
		};
/* End PBXNativeTarget section */

/* Begin PBXProject section */
		DE63343829B7EFF50064AB37 /* Project object */ = {
			isa = PBXProject;
			attributes = {
				BuildIndependentTargetsInParallel = 1;
				LastSwiftUpdateCheck = 1420;
				LastUpgradeCheck = 1420;
				TargetAttributes = {
					DE63343F29B7EFF50064AB37 = {
						CreatedOnToolsVersion = 14.2;
					};
					DE63344F29B7EFF60064AB37 = {
						CreatedOnToolsVersion = 14.2;
						TestTargetID = DE63343F29B7EFF50064AB37;
					};
					DE63345929B7EFF60064AB37 = {
						CreatedOnToolsVersion = 14.2;
						TestTargetID = DE63343F29B7EFF50064AB37;
					};
				};
			};
			buildConfigurationList = DE63343B29B7EFF50064AB37 /* Build configuration list for PBXProject "FriendsApp" */;
			compatibilityVersion = "Xcode 14.0";
			developmentRegion = en;
			hasScannedForEncodings = 0;
			knownRegions = (
				en,
				Base,
			);
			mainGroup = DE63343729B7EFF50064AB37;
			productRefGroup = DE63344129B7EFF50064AB37 /* Products */;
			projectDirPath = "";
			projectRoot = "";
			targets = (
				DE63343F29B7EFF50064AB37 /* FriendsApp */,
				DE63344F29B7EFF60064AB37 /* FriendsAppTests */,
				DE63345929B7EFF60064AB37 /* FriendsAppUITests */,
			);
		};
/* End PBXProject section */

/* Begin PBXResourcesBuildPhase section */
		DE63343E29B7EFF50064AB37 /* Resources */ = {
			isa = PBXResourcesBuildPhase;
			buildActionMask = 2147483647;
			files = (
				DE63344B29B7EFF60064AB37 /* Preview Assets.xcassets in Resources */,
				DE63344829B7EFF60064AB37 /* Assets.xcassets in Resources */,
			);
			runOnlyForDeploymentPostprocessing = 0;
		};
		DE63344E29B7EFF60064AB37 /* Resources */ = {
			isa = PBXResourcesBuildPhase;
			buildActionMask = 2147483647;
			files = (
			);
			runOnlyForDeploymentPostprocessing = 0;
		};
		DE63345829B7EFF60064AB37 /* Resources */ = {
			isa = PBXResourcesBuildPhase;
			buildActionMask = 2147483647;
			files = (
			);
			runOnlyForDeploymentPostprocessing = 0;
		};
/* End PBXResourcesBuildPhase section */

/* Begin PBXSourcesBuildPhase section */
		DE63343C29B7EFF50064AB37 /* Sources */ = {
			isa = PBXSourcesBuildPhase;
			buildActionMask = 2147483647;
			files = (
				DE63344629B7EFF50064AB37 /* ContentView.swift in Sources */,
				DE63344429B7EFF50064AB37 /* FriendsAppApp.swift in Sources */,
			);
			runOnlyForDeploymentPostprocessing = 0;
		};
		DE63344C29B7EFF60064AB37 /* Sources */ = {
			isa = PBXSourcesBuildPhase;
			buildActionMask = 2147483647;
			files = (
				DE63345529B7EFF60064AB37 /* FriendsAppTests.swift in Sources */,
			);
			runOnlyForDeploymentPostprocessing = 0;
		};
		DE63345629B7EFF60064AB37 /* Sources */ = {
			isa = PBXSourcesBuildPhase;
			buildActionMask = 2147483647;
			files = (
				DE63346129B7EFF60064AB37 /* FriendsAppUITestsLaunchTests.swift in Sources */,
				DE63345F29B7EFF60064AB37 /* FriendsAppUITests.swift in Sources */,
			);
			runOnlyForDeploymentPostprocessing = 0;
		};
/* End PBXSourcesBuildPhase section */

/* Begin PBXTargetDependency section */
		DE63345229B7EFF60064AB37 /* PBXTargetDependency */ = {
			isa = PBXTargetDependency;
			target = DE63343F29B7EFF50064AB37 /* FriendsApp */;
			targetProxy = DE63345129B7EFF60064AB37 /* PBXContainerItemProxy */;
		};
		DE63345C29B7EFF60064AB37 /* PBXTargetDependency */ = {
			isa = PBXTargetDependency;
			target = DE63343F29B7EFF50064AB37 /* FriendsApp */;
			targetProxy = DE63345B29B7EFF60064AB37 /* PBXContainerItemProxy */;
		};
/* End PBXTargetDependency section */

/* Begin XCBuildConfiguration section */
		DE63346229B7EFF60064AB37 /* Debug */ = {
			isa = XCBuildConfiguration;
			buildSettings = {
				ALWAYS_SEARCH_USER_PATHS = NO;
				CLANG_ANALYZER_NONNULL = YES;
				CLANG_ANALYZER_NUMBER_OBJECT_CONVERSION = YES_AGGRESSIVE;
				CLANG_CXX_LANGUAGE_STANDARD = "gnu++20";
				CLANG_ENABLE_MODULES = YES;
				CLANG_ENABLE_OBJC_ARC = YES;
				CLANG_ENABLE_OBJC_WEAK = YES;
				CLANG_WARN_BLOCK_CAPTURE_AUTORELEASING = YES;
				CLANG_WARN_BOOL_CONVERSION = YES;
				CLANG_WARN_COMMA = YES;
				CLANG_WARN_CONSTANT_CONVERSION = YES;
				CLANG_WARN_DEPRECATED_OBJC_IMPLEMENTATIONS = YES;
				CLANG_WARN_DIRECT_OBJC_ISA_USAGE = YES_ERROR;
				CLANG_WARN_DOCUMENTATION_COMMENTS = YES;
				CLANG_WARN_EMPTY_BODY = YES;
				CLANG_WARN_ENUM_CONVERSION = YES;
				CLANG_WARN_INFINITE_RECURSION = YES;
				CLANG_WARN_INT_CONVERSION = YES;
				CLANG_WARN_NON_LITERAL_NULL_CONVERSION = YES;
				CLANG_WARN_OBJC_IMPLICIT_RETAIN_SELF = YES;
				CLANG_WARN_OBJC_LITERAL_CONVERSION = YES;
				CLANG_WARN_OBJC_ROOT_CLASS = YES_ERROR;
				CLANG_WARN_QUOTED_INCLUDE_IN_FRAMEWORK_HEADER = YES;
				CLANG_WARN_RANGE_LOOP_ANALYSIS = YES;
				CLANG_WARN_STRICT_PROTOTYPES = YES;
				CLANG_WARN_SUSPICIOUS_MOVE = YES;
				CLANG_WARN_UNGUARDED_AVAILABILITY = YES_AGGRESSIVE;
				CLANG_WARN_UNREACHABLE_CODE = YES;
				CLANG_WARN__DUPLICATE_METHOD_MATCH = YES;
				COPY_PHASE_STRIP = NO;
				DEBUG_INFORMATION_FORMAT = dwarf;
				ENABLE_STRICT_OBJC_MSGSEND = YES;
				ENABLE_TESTABILITY = YES;
				GCC_C_LANGUAGE_STANDARD = gnu11;
				GCC_DYNAMIC_NO_PIC = NO;
				GCC_NO_COMMON_BLOCKS = YES;
				GCC_OPTIMIZATION_LEVEL = 0;
				GCC_PREPROCESSOR_DEFINITIONS = (
					"DEBUG=1",
					"$(inherited)",
				);
				GCC_WARN_64_TO_32_BIT_CONVERSION = YES;
				GCC_WARN_ABOUT_RETURN_TYPE = YES_ERROR;
				GCC_WARN_UNDECLARED_SELECTOR = YES;
				GCC_WARN_UNINITIALIZED_AUTOS = YES_AGGRESSIVE;
				GCC_WARN_UNUSED_FUNCTION = YES;
				GCC_WARN_UNUSED_VARIABLE = YES;
				IPHONEOS_DEPLOYMENT_TARGET = 16.2;
				MTL_ENABLE_DEBUG_INFO = INCLUDE_SOURCE;
				MTL_FAST_MATH = YES;
				ONLY_ACTIVE_ARCH = YES;
				SDKROOT = iphoneos;
				SWIFT_ACTIVE_COMPILATION_CONDITIONS = DEBUG;
				SWIFT_OPTIMIZATION_LEVEL = "-Onone";
			};
			name = Debug;
		};
		DE63346329B7EFF60064AB37 /* Release */ = {
			isa = XCBuildConfiguration;
			buildSettings = {
				ALWAYS_SEARCH_USER_PATHS = NO;
				CLANG_ANALYZER_NONNULL = YES;
				CLANG_ANALYZER_NUMBER_OBJECT_CONVERSION = YES_AGGRESSIVE;
				CLANG_CXX_LANGUAGE_STANDARD = "gnu++20";
				CLANG_ENABLE_MODULES = YES;
				CLANG_ENABLE_OBJC_ARC = YES;
				CLANG_ENABLE_OBJC_WEAK = YES;
				CLANG_WARN_BLOCK_CAPTURE_AUTORELEASING = YES;
				CLANG_WARN_BOOL_CONVERSION = YES;
				CLANG_WARN_COMMA = YES;
				CLANG_WARN_CONSTANT_CONVERSION = YES;
				CLANG_WARN_DEPRECATED_OBJC_IMPLEMENTATIONS = YES;
				CLANG_WARN_DIRECT_OBJC_ISA_USAGE = YES_ERROR;
				CLANG_WARN_DOCUMENTATION_COMMENTS = YES;
				CLANG_WARN_EMPTY_BODY = YES;
				CLANG_WARN_ENUM_CONVERSION = YES;
				CLANG_WARN_INFINITE_RECURSION = YES;
				CLANG_WARN_INT_CONVERSION = YES;
				CLANG_WARN_NON_LITERAL_NULL_CONVERSION = YES;
				CLANG_WARN_OBJC_IMPLICIT_RETAIN_SELF = YES;
				CLANG_WARN_OBJC_LITERAL_CONVERSION = YES;
				CLANG_WARN_OBJC_ROOT_CLASS = YES_ERROR;
				CLANG_WARN_QUOTED_INCLUDE_IN_FRAMEWORK_HEADER = YES;
				CLANG_WARN_RANGE_LOOP_ANALYSIS = YES;
				CLANG_WARN_STRICT_PROTOTYPES = YES;
				CLANG_WARN_SUSPICIOUS_MOVE = YES;
				CLANG_WARN_UNGUARDED_AVAILABILITY = YES_AGGRESSIVE;
				CLANG_WARN_UNREACHABLE_CODE = YES;
				CLANG_WARN__DUPLICATE_METHOD_MATCH = YES;
				COPY_PHASE_STRIP = NO;
				DEBUG_INFORMATION_FORMAT = "dwarf-with-dsym";
				ENABLE_NS_ASSERTIONS = NO;
				ENABLE_STRICT_OBJC_MSGSEND = YES;
				GCC_C_LANGUAGE_STANDARD = gnu11;
				GCC_NO_COMMON_BLOCKS = YES;
				GCC_WARN_64_TO_32_BIT_CONVERSION = YES;
				GCC_WARN_ABOUT_RETURN_TYPE = YES_ERROR;
				GCC_WARN_UNDECLARED_SELECTOR = YES;
				GCC_WARN_UNINITIALIZED_AUTOS = YES_AGGRESSIVE;
				GCC_WARN_UNUSED_FUNCTION = YES;
				GCC_WARN_UNUSED_VARIABLE = YES;
				IPHONEOS_DEPLOYMENT_TARGET = 16.2;
				MTL_ENABLE_DEBUG_INFO = NO;
				MTL_FAST_MATH = YES;
				SDKROOT = iphoneos;
				SWIFT_COMPILATION_MODE = wholemodule;
				SWIFT_OPTIMIZATION_LEVEL = "-O";
				VALIDATE_PRODUCT = YES;
			};
			name = Release;
		};
		DE63346529B7EFF60064AB37 /* Debug */ = {
			isa = XCBuildConfiguration;
			buildSettings = {
				ASSETCATALOG_COMPILER_APPICON_NAME = AppIcon;
				ASSETCATALOG_COMPILER_GLOBAL_ACCENT_COLOR_NAME = AccentColor;
				CODE_SIGN_STYLE = Automatic;
				CURRENT_PROJECT_VERSION = 1;
				DEVELOPMENT_ASSET_PATHS = "\"FriendsApp/Preview Content\"";
				DEVELOPMENT_TEAM = 259QURDVD9;
				ENABLE_PREVIEWS = YES;
				GENERATE_INFOPLIST_FILE = YES;
				INFOPLIST_KEY_UIApplicationSceneManifest_Generation = YES;
				INFOPLIST_KEY_UIApplicationSupportsIndirectInputEvents = YES;
				INFOPLIST_KEY_UILaunchScreen_Generation = YES;
				INFOPLIST_KEY_UISupportedInterfaceOrientations_iPad = "UIInterfaceOrientationPortrait UIInterfaceOrientationPortraitUpsideDown UIInterfaceOrientationLandscapeLeft UIInterfaceOrientationLandscapeRight";
				INFOPLIST_KEY_UISupportedInterfaceOrientations_iPhone = "UIInterfaceOrientationPortrait UIInterfaceOrientationLandscapeLeft UIInterfaceOrientationLandscapeRight";
				LD_RUNPATH_SEARCH_PATHS = (
					"$(inherited)",
					"@executable_path/Frameworks",
				);
				MARKETING_VERSION = 1.0;
				PRODUCT_BUNDLE_IDENTIFIER = com.FriendsApp;
				PRODUCT_NAME = "$(TARGET_NAME)";
				SWIFT_EMIT_LOC_STRINGS = YES;
				SWIFT_VERSION = 5.0;
				TARGETED_DEVICE_FAMILY = "1,2";
			};
			name = Debug;
		};
		DE63346629B7EFF60064AB37 /* Release */ = {
			isa = XCBuildConfiguration;
			buildSettings = {
				ASSETCATALOG_COMPILER_APPICON_NAME = AppIcon;
				ASSETCATALOG_COMPILER_GLOBAL_ACCENT_COLOR_NAME = AccentColor;
				CODE_SIGN_STYLE = Automatic;
				CURRENT_PROJECT_VERSION = 1;
				DEVELOPMENT_ASSET_PATHS = "\"FriendsApp/Preview Content\"";
				DEVELOPMENT_TEAM = 259QURDVD9;
				ENABLE_PREVIEWS = YES;
				GENERATE_INFOPLIST_FILE = YES;
				INFOPLIST_KEY_UIApplicationSceneManifest_Generation = YES;
				INFOPLIST_KEY_UIApplicationSupportsIndirectInputEvents = YES;
				INFOPLIST_KEY_UILaunchScreen_Generation = YES;
				INFOPLIST_KEY_UISupportedInterfaceOrientations_iPad = "UIInterfaceOrientationPortrait UIInterfaceOrientationPortraitUpsideDown UIInterfaceOrientationLandscapeLeft UIInterfaceOrientationLandscapeRight";
				INFOPLIST_KEY_UISupportedInterfaceOrientations_iPhone = "UIInterfaceOrientationPortrait UIInterfaceOrientationLandscapeLeft UIInterfaceOrientationLandscapeRight";
				LD_RUNPATH_SEARCH_PATHS = (
					"$(inherited)",
					"@executable_path/Frameworks",
				);
				MARKETING_VERSION = 1.0;
				PRODUCT_BUNDLE_IDENTIFIER = com.FriendsApp;
				PRODUCT_NAME = "$(TARGET_NAME)";
				SWIFT_EMIT_LOC_STRINGS = YES;
				SWIFT_VERSION = 5.0;
				TARGETED_DEVICE_FAMILY = "1,2";
			};
			name = Release;
		};
		DE63346829B7EFF60064AB37 /* Debug */ = {
			isa = XCBuildConfiguration;
			buildSettings = {
				ALWAYS_EMBED_SWIFT_STANDARD_LIBRARIES = YES;
				BUNDLE_LOADER = "$(TEST_HOST)";
				CODE_SIGN_STYLE = Automatic;
				CURRENT_PROJECT_VERSION = 1;
				DEVELOPMENT_TEAM = 259QURDVD9;
				GENERATE_INFOPLIST_FILE = YES;
				IPHONEOS_DEPLOYMENT_TARGET = 16.2;
				MARKETING_VERSION = 1.0;
				PRODUCT_BUNDLE_IDENTIFIER = com.FriendsAppTests;
				PRODUCT_NAME = "$(TARGET_NAME)";
				SWIFT_EMIT_LOC_STRINGS = NO;
				SWIFT_VERSION = 5.0;
				TARGETED_DEVICE_FAMILY = "1,2";
				TEST_HOST = "$(BUILT_PRODUCTS_DIR)/FriendsApp.app/$(BUNDLE_EXECUTABLE_FOLDER_PATH)/FriendsApp";
			};
			name = Debug;
		};
		DE63346929B7EFF60064AB37 /* Release */ = {
			isa = XCBuildConfiguration;
			buildSettings = {
				ALWAYS_EMBED_SWIFT_STANDARD_LIBRARIES = YES;
				BUNDLE_LOADER = "$(TEST_HOST)";
				CODE_SIGN_STYLE = Automatic;
				CURRENT_PROJECT_VERSION = 1;
				DEVELOPMENT_TEAM = 259QURDVD9;
				GENERATE_INFOPLIST_FILE = YES;
				IPHONEOS_DEPLOYMENT_TARGET = 16.2;
				MARKETING_VERSION = 1.0;
				PRODUCT_BUNDLE_IDENTIFIER = com.FriendsAppTests;
				PRODUCT_NAME = "$(TARGET_NAME)";
				SWIFT_EMIT_LOC_STRINGS = NO;
				SWIFT_VERSION = 5.0;
				TARGETED_DEVICE_FAMILY = "1,2";
				TEST_HOST = "$(BUILT_PRODUCTS_DIR)/FriendsApp.app/$(BUNDLE_EXECUTABLE_FOLDER_PATH)/FriendsApp";
			};
			name = Release;
		};
		DE63346B29B7EFF60064AB37 /* Debug */ = {
			isa = XCBuildConfiguration;
			buildSettings = {
				ALWAYS_EMBED_SWIFT_STANDARD_LIBRARIES = YES;
				CODE_SIGN_STYLE = Automatic;
				CURRENT_PROJECT_VERSION = 1;
				DEVELOPMENT_TEAM = 259QURDVD9;
				GENERATE_INFOPLIST_FILE = YES;
				MARKETING_VERSION = 1.0;
				PRODUCT_BUNDLE_IDENTIFIER = com.FriendsAppUITests;
				PRODUCT_NAME = "$(TARGET_NAME)";
				SWIFT_EMIT_LOC_STRINGS = NO;
				SWIFT_VERSION = 5.0;
				TARGETED_DEVICE_FAMILY = "1,2";
				TEST_TARGET_NAME = FriendsApp;
			};
			name = Debug;
		};
		DE63346C29B7EFF60064AB37 /* Release */ = {
			isa = XCBuildConfiguration;
			buildSettings = {
				ALWAYS_EMBED_SWIFT_STANDARD_LIBRARIES = YES;
				CODE_SIGN_STYLE = Automatic;
				CURRENT_PROJECT_VERSION = 1;
				DEVELOPMENT_TEAM = 259QURDVD9;
				GENERATE_INFOPLIST_FILE = YES;
				MARKETING_VERSION = 1.0;
				PRODUCT_BUNDLE_IDENTIFIER = com.FriendsAppUITests;
				PRODUCT_NAME = "$(TARGET_NAME)";
				SWIFT_EMIT_LOC_STRINGS = NO;
				SWIFT_VERSION = 5.0;
				TARGETED_DEVICE_FAMILY = "1,2";
				TEST_TARGET_NAME = FriendsApp;
			};
			name = Release;
		};
/* End XCBuildConfiguration section */

/* Begin XCConfigurationList section */
		DE63343B29B7EFF50064AB37 /* Build configuration list for PBXProject "FriendsApp" */ = {
			isa = XCConfigurationList;
			buildConfigurations = (
				DE63346229B7EFF60064AB37 /* Debug */,
				DE63346329B7EFF60064AB37 /* Release */,
			);
			defaultConfigurationIsVisible = 0;
			defaultConfigurationName = Release;
		};
		DE63346429B7EFF60064AB37 /* Build configuration list for PBXNativeTarget "FriendsApp" */ = {
			isa = XCConfigurationList;
			buildConfigurations = (
				DE63346529B7EFF60064AB37 /* Debug */,
				DE63346629B7EFF60064AB37 /* Release */,
			);
			defaultConfigurationIsVisible = 0;
			defaultConfigurationName = Release;
		};
		DE63346729B7EFF60064AB37 /* Build configuration list for PBXNativeTarget "FriendsAppTests" */ = {
			isa = XCConfigurationList;
			buildConfigurations = (
				DE63346829B7EFF60064AB37 /* Debug */,
				DE63346929B7EFF60064AB37 /* Release */,
			);
			defaultConfigurationIsVisible = 0;
			defaultConfigurationName = Release;
		};
		DE63346A29B7EFF60064AB37 /* Build configuration list for PBXNativeTarget "FriendsAppUITests" */ = {
			isa = XCConfigurationList;
			buildConfigurations = (
				DE63346B29B7EFF60064AB37 /* Debug */,
				DE63346C29B7EFF60064AB37 /* Release */,
			);
			defaultConfigurationIsVisible = 0;
			defaultConfigurationName = Release;
		};
/* End XCConfigurationList section */
	};
	rootObject = DE63343829B7EFF50064AB37 /* Project object */;
}
